
Microsoft Visual Studio Solution File, Format Version 12.00
# Visual Studio Version 17
VisualStudioVersion = 17.4.33103.184
MinimumVisualStudioVersion = 10.0.40219.1
Project("{FAE04EC0-301F-11D3-BF4B-00C04F79EFBC}") = "MovieManagementPanel", "MovieManagementPanel\MovieManagementPanel.csproj", "{C71FA818-52EA-498E-8381-1B5E97AF135A}"
EndProject
Project("{FAE04EC0-301F-11D3-BF4B-00C04F79EFBC}") = "Domain", "Domain\Domain.csproj", "{069744E1-D154-4DCD-B252-748C74B24E5F}"
EndProject
Project("{FAE04EC0-301F-11D3-BF4B-00C04F79EFBC}") = "Application", "Application\Application.csproj", "{3D20A0A6-D909-4641-BB5C-28468E02AB94}"
EndProject
Project("{FAE04EC0-301F-11D3-BF4B-00C04F79EFBC}") = "Infrastructure", "Infrastructure\Infrastructure.csproj", "{57D9F142-CD97-4BB4-8EAE-699F973B8393}"
EndProject
Global
	GlobalSection(SolutionConfigurationPlatforms) = preSolution
		Debug|Any CPU = Debug|Any CPU
		Release|Any CPU = Release|Any CPU
	EndGlobalSection
	GlobalSection(ProjectConfigurationPlatforms) = postSolution
		{C71FA818-52EA-498E-8381-1B5E97AF135A}.Debug|Any CPU.ActiveCfg = Debug|Any CPU
		{C71FA818-52EA-498E-8381-1B5E97AF135A}.Debug|Any CPU.Build.0 = Debug|Any CPU
		{C71FA818-52EA-498E-8381-1B5E97AF135A}.Release|Any CPU.ActiveCfg = Release|Any CPU
		{C71FA818-52EA-498E-8381-1B5E97AF135A}.Release|Any CPU.Build.0 = Release|Any CPU
		{069744E1-D154-4DCD-B252-748C74B24E5F}.Debug|Any CPU.ActiveCfg = Debug|Any CPU
		{069744E1-D154-4DCD-B252-748C74B24E5F}.Debug|Any CPU.Build.0 = Debug|Any CPU
		{069744E1-D154-4DCD-B252-748C74B24E5F}.Release|Any CPU.ActiveCfg = Release|Any CPU
		{069744E1-D154-4DCD-B252-748C74B24E5F}.Release|Any CPU.Build.0 = Release|Any CPU
		{3D20A0A6-D909-4641-BB5C-28468E02AB94}.Debug|Any CPU.ActiveCfg = Debug|Any CPU
		{3D20A0A6-D909-4641-BB5C-28468E02AB94}.Debug|Any CPU.Build.0 = Debug|Any CPU
		{3D20A0A6-D909-4641-BB5C-28468E02AB94}.Release|Any CPU.ActiveCfg = Release|Any CPU
		{3D20A0A6-D909-4641-BB5C-28468E02AB94}.Release|Any CPU.Build.0 = Release|Any CPU
		{57D9F142-CD97-4BB4-8EAE-699F973B8393}.Debug|Any CPU.ActiveCfg = Debug|Any CPU
		{57D9F142-CD97-4BB4-8EAE-699F973B8393}.Debug|Any CPU.Build.0 = Debug|Any CPU
		{57D9F142-CD97-4BB4-8EAE-699F973B8393}.Release|Any CPU.ActiveCfg = Release|Any CPU
		{57D9F142-CD97-4BB4-8EAE-699F973B8393}.Release|Any CPU.Build.0 = Release|Any CPU
	EndGlobalSection
	GlobalSection(SolutionProperties) = preSolution
		HideSolutionNode = FALSE
	EndGlobalSection
	GlobalSection(ExtensibilityGlobals) = postSolution
		SolutionGuid = {C5748D9B-6239-47F8-8E10-698085B29A4B}
	EndGlobalSection
EndGlobal
